// !$*UTF8*$!
{
	archiveVersion = 1;
	classes = {
	};
	objectVersion = 46;
	objects = {

/* Begin PBXBuildFile section */
		C783E09715A1518F000B9418 /* UIKit.framework in Frameworks */ = {isa = PBXBuildFile; fileRef = C783E09615A1518F000B9418 /* UIKit.framework */; };
		C783E09915A1518F000B9418 /* Foundation.framework in Frameworks */ = {isa = PBXBuildFile; fileRef = C783E09815A1518F000B9418 /* Foundation.framework */; };
		C783E09B15A1518F000B9418 /* CoreGraphics.framework in Frameworks */ = {isa = PBXBuildFile; fileRef = C783E09A15A1518F000B9418 /* CoreGraphics.framework */; };
		C783E0A115A1518F000B9418 /* InfoPlist.strings in Resources */ = {isa = PBXBuildFile; fileRef = C783E09F15A1518F000B9418 /* InfoPlist.strings */; };
		C783E0A315A1518F000B9418 /* main.m in Sources */ = {isa = PBXBuildFile; fileRef = C783E0A215A1518F000B9418 /* main.m */; };
		C783E0A715A1518F000B9418 /* FEAppDelegate.m in Sources */ = {isa = PBXBuildFile; fileRef = C783E0A615A1518F000B9418 /* FEAppDelegate.m */; };
		C783E0AA15A1518F000B9418 /* FEViewController.m in Sources */ = {isa = PBXBuildFile; fileRef = C783E0A915A1518F000B9418 /* FEViewController.m */; };
		C783E0AD15A1518F000B9418 /* FEViewController.xib in Resources */ = {isa = PBXBuildFile; fileRef = C783E0AB15A1518F000B9418 /* FEViewController.xib */; };
/* End PBXBuildFile section */

/* Begin PBXFileReference section */
		C783E09215A1518F000B9418 /* EventApp.app */ = {isa = PBXFileReference; explicitFileType = wrapper.application; includeInIndex = 0; path = EventApp.app; sourceTree = BUILT_PRODUCTS_DIR; };
		C783E09615A1518F000B9418 /* UIKit.framework */ = {isa = PBXFileReference; lastKnownFileType = wrapper.framework; name = UIKit.framework; path = System/Library/Frameworks/UIKit.framework; sourceTree = SDKROOT; };
		C783E09815A1518F000B9418 /* Foundation.framework */ = {isa = PBXFileReference; lastKnownFileType = wrapper.framework; name = Foundation.framework; path = System/Library/Frameworks/Foundation.framework; sourceTree = SDKROOT; };
		C783E09A15A1518F000B9418 /* CoreGraphics.framework */ = {isa = PBXFileReference; lastKnownFileType = wrapper.framework; name = CoreGraphics.framework; path = System/Library/Frameworks/CoreGraphics.framework; sourceTree = SDKROOT; };
		C783E09E15A1518F000B9418 /* EventApp-Info.plist */ = {isa = PBXFileReference; path = "EventApp-Info.plist"; sourceTree = "<group>"; };
		C783E0A015A1518F000B9418 /* en */ = {isa = PBXFileReference; lastKnownFileType = text.plist.strings; name = en; path = en.lproj/InfoPlist.strings; sourceTree = "<group>"; };
		C783E0A215A1518F000B9418 /* main.m */ = {isa = PBXFileReference; lastKnownFileType = sourcecode.c.objc; path = main.m; sourceTree = "<group>"; };
		C783E0A415A1518F000B9418 /* EventApp-Prefix.pch */ = {isa = PBXFileReference; path = "EventApp-Prefix.pch"; sourceTree = "<group>"; };
		C783E0A515A1518F000B9418 /* FEAppDelegate.h */ = {isa = PBXFileReference; path = FEAppDelegate.h; sourceTree = "<group>"; };
		C783E0A615A1518F000B9418 /* FEAppDelegate.m */ = {isa = PBXFileReference; lastKnownFileType = sourcecode.c.objc; path = FEAppDelegate.m; sourceTree = "<group>"; };
		C783E0A815A1518F000B9418 /* FEViewController.h */ = {isa = PBXFileReference; path = FEViewController.h; sourceTree = "<group>"; };
		C783E0A915A1518F000B9418 /* FEViewController.m */ = {isa = PBXFileReference; lastKnownFileType = sourcecode.c.objc; path = FEViewController.m; sourceTree = "<group>"; };
		C783E0AC15A1518F000B9418 /* en */ = {isa = PBXFileReference; lastKnownFileType = file.xib; name = en; path = en.lproj/FEViewController.xib; sourceTree = "<group>"; };
/* End PBXFileReference section */

/* Begin PBXFrameworksBuildPhase section */
		C783E08F15A1518F000B9418 /* Frameworks */ = {
			isa = PBXFrameworksBuildPhase;
			buildActionMask = 2147483647;
			files = (
				C783E09715A1518F000B9418 /* UIKit.framework in Frameworks */,
				C783E09915A1518F000B9418 /* Foundation.framework in Frameworks */,
				C783E09B15A1518F000B9418 /* CoreGraphics.framework in Frameworks */,
			);
			runOnlyForDeploymentPostprocessing = 0;
		};
/* End PBXFrameworksBuildPhase section */

/* Begin PBXGroup section */
		C783E08715A1518F000B9418 = {
			isa = PBXGroup;
			children = (
				C783E09C15A1518F000B9418 /* EventApp */,
				C783E09515A1518F000B9418 /* Frameworks */,
				C783E09315A1518F000B9418 /* Products */,
			);
			sourceTree = "<group>";
		};
		C783E09315A1518F000B9418 /* Products */ = {
			isa = PBXGroup;
			children = (
				C783E09215A1518F000B9418 /* EventApp.app */,
			);
			name = Products;
			sourceTree = "<group>";
		};
		C783E09515A1518F000B9418 /* Frameworks */ = {
			isa = PBXGroup;
			children = (
				C783E09615A1518F000B9418 /* UIKit.framework */,
				C783E09815A1518F000B9418 /* Foundation.framework */,
				C783E09A15A1518F000B9418 /* CoreGraphics.framework */,
			);
			name = Frameworks;
			sourceTree = "<group>";
		};
		C783E09C15A1518F000B9418 /* EventApp */ = {
			isa = PBXGroup;
			children = (
				C783E0A515A1518F000B9418 /* FEAppDelegate.h */,
				C783E0A615A1518F000B9418 /* FEAppDelegate.m */,
				C783E0A815A1518F000B9418 /* FEViewController.h */,
				C783E0A915A1518F000B9418 /* FEViewController.m */,
				C783E0AB15A1518F000B9418 /* FEViewController.xib */,
				C783E09D15A1518F000B9418 /* Supporting Files */,
			);
			path = EventApp;
			sourceTree = "<group>";
		};
		C783E09D15A1518F000B9418 /* Supporting Files */ = {
			isa = PBXGroup;
			children = (
				C783E09E15A1518F000B9418 /* EventApp-Info.plist */,
				C783E09F15A1518F000B9418 /* InfoPlist.strings */,
				C783E0A215A1518F000B9418 /* main.m */,
				C783E0A415A1518F000B9418 /* EventApp-Prefix.pch */,
			);
			name = "Supporting Files";
			sourceTree = "<group>";
		};
/* End PBXGroup section */

/* Begin PBXNativeTarget section */
		C783E09115A1518F000B9418 /* EventApp */ = {
			isa = PBXNativeTarget;
			buildConfigurationList = C783E0B015A1518F000B9418 /* Build configuration list for PBXNativeTarget "EventApp" */;
			buildPhases = (
				C783E08E15A1518F000B9418 /* Sources */,
				C783E08F15A1518F000B9418 /* Frameworks */,
				C783E09015A1518F000B9418 /* Resources */,
			);
			buildRules = (
			);
			dependencies = (
			);
			name = EventApp;
			productName = EventApp;
			productReference = C783E09215A1518F000B9418 /* EventApp.app */;
			productType = "com.apple.product-type.application";
		};
/* End PBXNativeTarget section */

/* Begin PBXProject section */
		C783E08915A1518F000B9418 /* Project object */ = {
			isa = PBXProject;
			attributes = {
				CLASSPREFIX = FE;
				LastUpgradeCheck = 0430;
			};
			buildConfigurationList = C783E08C15A1518F000B9418 /* Build configuration list for PBXProject "EventApp" */;
			compatibilityVersion = "Xcode 3.2";
			developmentRegion = English;
			hasScannedForEncodings = 0;
			knownRegions = (
				en,
			);
			mainGroup = C783E08715A1518F000B9418;
			productRefGroup = C783E09315A1518F000B9418 /* Products */;
			projectDirPath = "";
			projectRoot = "";
			targets = (
				C783E09115A1518F000B9418 /* EventApp */,
			);
		};
/* End PBXProject section */

/* Begin PBXResourcesBuildPhase section */
		C783E09015A1518F000B9418 /* Resources */ = {
			isa = PBXResourcesBuildPhase;
			buildActionMask = 2147483647;
			files = (
				C783E0A115A1518F000B9418 /* InfoPlist.strings in Resources */,
				C783E0AD15A1518F000B9418 /* FEViewController.xib in Resources */,
			);
			runOnlyForDeploymentPostprocessing = 0;
		};
/* End PBXResourcesBuildPhase section */

/* Begin PBXSourcesBuildPhase section */
		C783E08E15A1518F000B9418 /* Sources */ = {
			isa = PBXSourcesBuildPhase;
			buildActionMask = 2147483647;
			files = (
				C783E0A315A1518F000B9418 /* main.m in Sources */,
				C783E0A715A1518F000B9418 /* FEAppDelegate.m in Sources */,
				C783E0AA15A1518F000B9418 /* FEViewController.m in Sources */,
			);
			runOnlyForDeploymentPostprocessing = 0;
		};
/* End PBXSourcesBuildPhase section */

/* Begin PBXVariantGroup section */
		C783E09F15A1518F000B9418 /* InfoPlist.strings */ = {
			isa = PBXVariantGroup;
			children = (
				C783E0A015A1518F000B9418 /* en */,
			);
			name = InfoPlist.strings;
			sourceTree = "<group>";
		};
		C783E0AB15A1518F000B9418 /* FEViewController.xib */ = {
			isa = PBXVariantGroup;
			children = (
				C783E0AC15A1518F000B9418 /* en */,
			);
			name = FEViewController.xib;
			sourceTree = "<group>";
		};
/* End PBXVariantGroup section */

/* Begin XCBuildConfiguration section */
		C783E0AE15A1518F000B9418 /* Debug */ = {
			isa = XCBuildConfiguration;
			buildSettings = {
				ALWAYS_SEARCH_USER_PATHS = NO;
				ARCHS = "$(ARCHS_STANDARD_32_BIT)";
				"CODE_SIGN_IDENTITY[sdk=iphoneos*]" = "iPhone Developer";
				COPY_PHASE_STRIP = NO;
				GCC_C_LANGUAGE_STANDARD = gnu99;
				GCC_DYNAMIC_NO_PIC = NO;
				GCC_OPTIMIZATION_LEVEL = 0;
				GCC_PREPROCESSOR_DEFINITIONS = (
					"DEBUG=1",
					"$(inherited)",
				);
				GCC_SYMBOLS_PRIVATE_EXTERN = NO;
				GCC_VERSION = com.apple.compilers.llvm.clang.1_0;
				GCC_WARN_ABOUT_RETURN_TYPE = YES;
				GCC_WARN_UNINITIALIZED_AUTOS = YES;
				GCC_WARN_UNUSED_VARIABLE = YES;
				IPHONEOS_DEPLOYMENT_TARGET = 5.1;
				SDKROOT = iphoneos;
			};
			name = Debug;
		};
		C783E0AF15A1518F000B9418 /* Release */ = {
			isa = XCBuildConfiguration;
			buildSettings = {
				ALWAYS_SEARCH_USER_PATHS = NO;
				ARCHS = "$(ARCHS_STANDARD_32_BIT)";
				"CODE_SIGN_IDENTITY[sdk=iphoneos*]" = "iPhone Developer";
				COPY_PHASE_STRIP = YES;
				GCC_C_LANGUAGE_STANDARD = gnu99;
				GCC_VERSION = com.apple.compilers.llvm.clang.1_0;
				GCC_WARN_ABOUT_RETURN_TYPE = YES;
				GCC_WARN_UNINITIALIZED_AUTOS = YES;
				GCC_WARN_UNUSED_VARIABLE = YES;
				IPHONEOS_DEPLOYMENT_TARGET = 5.1;
				OTHER_CFLAGS = "-DNS_BLOCK_ASSERTIONS=1";
				SDKROOT = iphoneos;
				VALIDATE_PRODUCT = YES;
			};
			name = Release;
		};
		C783E0B115A1518F000B9418 /* Debug */ = {
			isa = XCBuildConfiguration;
			buildSettings = {
				GCC_PRECOMPILE_PREFIX_HEADER = YES;
				GCC_PREFIX_HEADER = "EventApp/EventApp-Prefix.pch";
				INFOPLIST_FILE = "EventApp/EventApp-Info.plist";
				PRODUCT_NAME = "$(TARGET_NAME)";
				WRAPPER_EXTENSION = app;
			};
			name = Debug;
		};
		C783E0B215A1518F000B9418 /* Release */ = {
			isa = XCBuildConfiguration;
			buildSettings = {
				GCC_PRECOMPILE_PREFIX_HEADER = YES;
				GCC_PREFIX_HEADER = "EventApp/EventApp-Prefix.pch";
				INFOPLIST_FILE = "EventApp/EventApp-Info.plist";
				PRODUCT_NAME = "$(TARGET_NAME)";
				WRAPPER_EXTENSION = app;
			};
			name = Release;
		};
/* End XCBuildConfiguration section */

/* Begin XCConfigurationList section */
		C783E08C15A1518F000B9418 /* Build configuration list for PBXProject "EventApp" */ = {
			isa = XCConfigurationList;
			buildConfigurations = (
				C783E0AE15A1518F000B9418 /* Debug */,
				C783E0AF15A1518F000B9418 /* Release */,
			);
			defaultConfigurationIsVisible = 0;
			defaultConfigurationName = Release;
		};
		C783E0B015A1518F000B9418 /* Build configuration list for PBXNativeTarget "EventApp" */ = {
			isa = XCConfigurationList;
			buildConfigurations = (
				C783E0B115A1518F000B9418 /* Debug */,
				C783E0B215A1518F000B9418 /* Release */,
			);
			defaultConfigurationIsVisible = 0;
		};
/* End XCConfigurationList section */
	};
	rootObject = C783E08915A1518F000B9418 /* Project object */;
}
